
Microsoft Visual Studio Solution File, Format Version 12.00
# Visual Studio Version 17
VisualStudioVersion = 17.6.33723.286
MinimumVisualStudioVersion = 10.0.40219.1
Project("{9A19103F-16F7-4668-BE54-9A1E7A4F7556}") = "MiniProject319.DataModels", "MiniProject319.DataModels\MiniProject319.DataModels.csproj", "{FAE8F9D9-B86C-477E-9723-BCA228F2BF7D}"
EndProject
Project("{9A19103F-16F7-4668-BE54-9A1E7A4F7556}") = "MiniProject319.ViewModels", "MiniProject319.ViewModels\MiniProject319.ViewModels.csproj", "{BBBFC57A-884D-4195-8D6C-9ED3DE987453}"
EndProject
Project("{FAE04EC0-301F-11D3-BF4B-00C04F79EFBC}") = "MiniProject319", "MiniProject319\MiniProject319.csproj", "{BBFF3516-163C-4229-AB87-39F44C102EE6}"
EndProject
Project("{FAE04EC0-301F-11D3-BF4B-00C04F79EFBC}") = "MiniProject319.api", "MiniProject319.api\MiniProject319.api.csproj", "{579548CB-46AF-49A8-BE22-5CE4D4846BFA}"
EndProject
Global
	GlobalSection(SolutionConfigurationPlatforms) = preSolution
		Debug|Any CPU = Debug|Any CPU
		Release|Any CPU = Release|Any CPU
	EndGlobalSection
	GlobalSection(ProjectConfigurationPlatforms) = postSolution
		{FAE8F9D9-B86C-477E-9723-BCA228F2BF7D}.Debug|Any CPU.ActiveCfg = Debug|Any CPU
		{FAE8F9D9-B86C-477E-9723-BCA228F2BF7D}.Debug|Any CPU.Build.0 = Debug|Any CPU
		{FAE8F9D9-B86C-477E-9723-BCA228F2BF7D}.Release|Any CPU.ActiveCfg = Release|Any CPU
		{FAE8F9D9-B86C-477E-9723-BCA228F2BF7D}.Release|Any CPU.Build.0 = Release|Any CPU
		{BBBFC57A-884D-4195-8D6C-9ED3DE987453}.Debug|Any CPU.ActiveCfg = Debug|Any CPU
		{BBBFC57A-884D-4195-8D6C-9ED3DE987453}.Debug|Any CPU.Build.0 = Debug|Any CPU
		{BBBFC57A-884D-4195-8D6C-9ED3DE987453}.Release|Any CPU.ActiveCfg = Release|Any CPU
		{BBBFC57A-884D-4195-8D6C-9ED3DE987453}.Release|Any CPU.Build.0 = Release|Any CPU
		{BBFF3516-163C-4229-AB87-39F44C102EE6}.Debug|Any CPU.ActiveCfg = Debug|Any CPU
		{BBFF3516-163C-4229-AB87-39F44C102EE6}.Debug|Any CPU.Build.0 = Debug|Any CPU
		{BBFF3516-163C-4229-AB87-39F44C102EE6}.Release|Any CPU.ActiveCfg = Release|Any CPU
		{BBFF3516-163C-4229-AB87-39F44C102EE6}.Release|Any CPU.Build.0 = Release|Any CPU
		{579548CB-46AF-49A8-BE22-5CE4D4846BFA}.Debug|Any CPU.ActiveCfg = Debug|Any CPU
		{579548CB-46AF-49A8-BE22-5CE4D4846BFA}.Debug|Any CPU.Build.0 = Debug|Any CPU
		{579548CB-46AF-49A8-BE22-5CE4D4846BFA}.Release|Any CPU.ActiveCfg = Release|Any CPU
		{579548CB-46AF-49A8-BE22-5CE4D4846BFA}.Release|Any CPU.Build.0 = Release|Any CPU
	EndGlobalSection
	GlobalSection(SolutionProperties) = preSolution
		HideSolutionNode = FALSE
	EndGlobalSection
	GlobalSection(ExtensibilityGlobals) = postSolution
		SolutionGuid = {4EBAF5BA-F41E-4201-9B14-51E8A86D8B24}
	EndGlobalSection
EndGlobal
